
Microsoft Visual Studio Solution File, Format Version 12.00
# Visual Studio Version 17
VisualStudioVersion = 17.11.35327.3
MinimumVisualStudioVersion = 10.0.40219.1
Project("{FAE04EC0-301F-11D3-BF4B-00C04F79EFBC}") = "PathFinders", "PathFinders\PathFinders.csproj", "{699AC8E3-99D1-4D4A-80A3-CB7321B84617}"
EndProject
Global
	GlobalSection(SolutionConfigurationPlatforms) = preSolution
		Debug|Any CPU = Debug|Any CPU
		Release|Any CPU = Release|Any CPU
	EndGlobalSection
	GlobalSection(ProjectConfigurationPlatforms) = postSolution
		{699AC8E3-99D1-4D4A-80A3-CB7321B84617}.Debug|Any CPU.ActiveCfg = Debug|Any CPU
		{699AC8E3-99D1-4D4A-80A3-CB7321B84617}.Debug|Any CPU.Build.0 = Debug|Any CPU
		{699AC8E3-99D1-4D4A-80A3-CB7321B84617}.Release|Any CPU.ActiveCfg = Release|Any CPU
		{699AC8E3-99D1-4D4A-80A3-CB7321B84617}.Release|Any CPU.Build.0 = Release|Any CPU
	EndGlobalSection
	GlobalSection(SolutionProperties) = preSolution
		HideSolutionNode = FALSE
	EndGlobalSection
	GlobalSection(ExtensibilityGlobals) = postSolution
		SolutionGuid = {C4313901-033D-4A8D-A0A4-0938EB735EB1}
	EndGlobalSection
EndGlobal
